
Microsoft Visual Studio Solution File, Format Version 12.00
# Visual Studio Version 16
VisualStudioVersion = 16.0.32929.386
MinimumVisualStudioVersion = 10.0.40219.1
Project("{9A19103F-16F7-4668-BE54-9A1E7A4F7556}") = "Common", "Common\Common.csproj", "{09AF4BCD-3A65-4BFE-AEE2-F83DB4EF731B}"
EndProject
Project("{9A19103F-16F7-4668-BE54-9A1E7A4F7556}") = "SocketDemo.Srever", "SocketDemo\SocketDemo.Srever.csproj", "{482A6E9B-1CC0-4003-B016-0D4C5D7782DF}"
EndProject
Project("{9A19103F-16F7-4668-BE54-9A1E7A4F7556}") = "SocketDemo.Client", "SocketDemo.Client\SocketDemo.Client.csproj", "{E53A1F56-6652-44D5-BC87-F698E468160D}"
EndProject
Global
	GlobalSection(SolutionConfigurationPlatforms) = preSolution
		Debug|Any CPU = Debug|Any CPU
		Release|Any CPU = Release|Any CPU
	EndGlobalSection
	GlobalSection(ProjectConfigurationPlatforms) = postSolution
		{09AF4BCD-3A65-4BFE-AEE2-F83DB4EF731B}.Debug|Any CPU.ActiveCfg = Debug|Any CPU
		{09AF4BCD-3A65-4BFE-AEE2-F83DB4EF731B}.Debug|Any CPU.Build.0 = Debug|Any CPU
		{09AF4BCD-3A65-4BFE-AEE2-F83DB4EF731B}.Release|Any CPU.ActiveCfg = Release|Any CPU
		{09AF4BCD-3A65-4BFE-AEE2-F83DB4EF731B}.Release|Any CPU.Build.0 = Release|Any CPU
		{482A6E9B-1CC0-4003-B016-0D4C5D7782DF}.Debug|Any CPU.ActiveCfg = Debug|Any CPU
		{482A6E9B-1CC0-4003-B016-0D4C5D7782DF}.Debug|Any CPU.Build.0 = Debug|Any CPU
		{482A6E9B-1CC0-4003-B016-0D4C5D7782DF}.Release|Any CPU.ActiveCfg = Release|Any CPU
		{482A6E9B-1CC0-4003-B016-0D4C5D7782DF}.Release|Any CPU.Build.0 = Release|Any CPU
		{E53A1F56-6652-44D5-BC87-F698E468160D}.Debug|Any CPU.ActiveCfg = Debug|Any CPU
		{E53A1F56-6652-44D5-BC87-F698E468160D}.Debug|Any CPU.Build.0 = Debug|Any CPU
		{E53A1F56-6652-44D5-BC87-F698E468160D}.Release|Any CPU.ActiveCfg = Release|Any CPU
		{E53A1F56-6652-44D5-BC87-F698E468160D}.Release|Any CPU.Build.0 = Release|Any CPU
	EndGlobalSection
	GlobalSection(SolutionProperties) = preSolution
		HideSolutionNode = FALSE
	EndGlobalSection
	GlobalSection(ExtensibilityGlobals) = postSolution
		SolutionGuid = {D55CA0C9-A2EC-448B-8955-B1D7E61B75BA}
	EndGlobalSection
EndGlobal
